github.com/chapgx/owl v0.2.1 h1:krCS7JbdOy4RccWAB1fNFi/MQu0X6JXhGK0CSf1iUwM=
github.com/chapgx/owl v0.2.1/go.mod h1:Dx6ER3oQMY+477reQiYSND9VhVzGXKTYjd3/OZd7/5c=
github.com/chapgx/owl v0.3.1 h1:GB3tlsUwYcCP32UamZiQeYN8+gag2kzMO6YjleGY+bs=
github.com/chapgx/owl v0.3.1/go.mod h1:Dx6ER3oQMY+477reQiYSND9VhVzGXKTYjd3/OZd7/5c=
github.com/chapgx/owl v0.5.1 h1:9WyCxnMdp1Au+Broe9DBgyp1O9Sj7zfPirOVI8cEV7k=
github.com/chapgx/owl v0.5.1/go.mod h1:Dx6ER3oQMY+477reQiYSND9VhVzGXKTYjd3/OZd7/5c=
github.com/chapgx/owl v0.5.2 h1:cgGn3wpxlrNZlbiNLs7+LyYYa9EYX1A6XU0vv5eL86k=
github.com/chapgx/owl v0.5.2/go.mod h1:Dx6ER3oQMY+477reQiYSND9VhVzGXKTYjd3/OZd7/5c=
github.com/gorilla/websocket v1.5.3 h1:saDtZ6Pbx/0u+bgYQ3q96pZgCzfhKXGPqt7kZ72aNNg=
github.com/gorilla/websocket v1.5.3/go.mod h1:YR8l580nyteQvAITg2hZ9XVh4b55+EU/adAjf1fMHhE=
github.com/racg0092/rhombifer v0.13.12 h1:2GegGjhN21ctuw4b7hpMaFtOKc0VPg0Fqi+NVbCloic=
github.com/racg0092/rhombifer v0.13.12/go.mod h1:dNZVHD2qzH4c2xlPtrZq363YNh2ld9w9TiOMlyvvwZM=
